// !$*UTF8*$!
{
	archiveVersion = 1;
	classes = {
	};
	objectVersion = 50;
	objects = {

/* Begin PBXBuildFile section */
		32BC4CD3231CB6C600D646D4 /* AppDelegate.m in Sources */ = {isa = PBXBuildFile; fileRef = 32BC4CD2231CB6C600D646D4 /* AppDelegate.m */; };
		32BC4CD6231CB6C600D646D4 /* ViewController.m in Sources */ = {isa = PBXBuildFile; fileRef = 32BC4CD5231CB6C600D646D4 /* ViewController.m */; };
		32BC4CD9231CB6C600D646D4 /* Main.storyboard in Resources */ = {isa = PBXBuildFile; fileRef = 32BC4CD7231CB6C600D646D4 /* Main.storyboard */; };
		32BC4CDB231CB6C600D646D4 /* Assets.xcassets in Resources */ = {isa = PBXBuildFile; fileRef = 32BC4CDA231CB6C600D646D4 /* Assets.xcassets */; };
		32BC4CDE231CB6C600D646D4 /* LaunchScreen.storyboard in Resources */ = {isa = PBXBuildFile; fileRef = 32BC4CDC231CB6C600D646D4 /* LaunchScreen.storyboard */; };
		32BC4CE1231CB6C600D646D4 /* main.m in Sources */ = {isa = PBXBuildFile; fileRef = 32BC4CE0231CB6C600D646D4 /* main.m */; };
		789FD9948F33A8015C00F615 /* libPods-CyhRecordManager.a in Frameworks */ = {isa = PBXBuildFile; fileRef = C90E986A3D6ADF1E9F80EB88 /* libPods-CyhRecordManager.a */; };
/* End PBXBuildFile section */

/* Begin PBXFileReference section */
		32BC4CCE231CB6C600D646D4 /* CyhRecordManager.app */ = {isa = PBXFileReference; explicitFileType = wrapper.application; includeInIndex = 0; path = CyhRecordManager.app; sourceTree = BUILT_PRODUCTS_DIR; };
		32BC4CD1231CB6C600D646D4 /* AppDelegate.h */ = {isa = PBXFileReference; lastKnownFileType = sourcecode.c.h; path = AppDelegate.h; sourceTree = "<group>"; };
		32BC4CD2231CB6C600D646D4 /* AppDelegate.m */ = {isa = PBXFileReference; lastKnownFileType = sourcecode.c.objc; path = AppDelegate.m; sourceTree = "<group>"; };
		32BC4CD4231CB6C600D646D4 /* ViewController.h */ = {isa = PBXFileReference; lastKnownFileType = sourcecode.c.h; path = ViewController.h; sourceTree = "<group>"; };
		32BC4CD5231CB6C600D646D4 /* ViewController.m */ = {isa = PBXFileReference; lastKnownFileType = sourcecode.c.objc; path = ViewController.m; sourceTree = "<group>"; };
		32BC4CD8231CB6C600D646D4 /* Base */ = {isa = PBXFileReference; lastKnownFileType = file.storyboard; name = Base; path = Base.lproj/Main.storyboard; sourceTree = "<group>"; };
		32BC4CDA231CB6C600D646D4 /* Assets.xcassets */ = {isa = PBXFileReference; lastKnownFileType = folder.assetcatalog; path = Assets.xcassets; sourceTree = "<group>"; };
		32BC4CDD231CB6C600D646D4 /* Base */ = {isa = PBXFileReference; lastKnownFileType = file.storyboard; name = Base; path = Base.lproj/LaunchScreen.storyboard; sourceTree = "<group>"; };
		32BC4CDF231CB6C600D646D4 /* Info.plist */ = {isa = PBXFileReference; lastKnownFileType = text.plist.xml; path = Info.plist; sourceTree = "<group>"; };
		32BC4CE0231CB6C600D646D4 /* main.m */ = {isa = PBXFileReference; lastKnownFileType = sourcecode.c.objc; path = main.m; sourceTree = "<group>"; };
		3B74262DC8C2809A502E6D57 /* Pods-CyhRecordManager.debug.xcconfig */ = {isa = PBXFileReference; includeInIndex = 1; lastKnownFileType = text.xcconfig; name = "Pods-CyhRecordManager.debug.xcconfig"; path = "Target Support Files/Pods-CyhRecordManager/Pods-CyhRecordManager.debug.xcconfig"; sourceTree = "<group>"; };
		C90E986A3D6ADF1E9F80EB88 /* libPods-CyhRecordManager.a */ = {isa = PBXFileReference; explicitFileType = archive.ar; includeInIndex = 0; path = "libPods-CyhRecordManager.a"; sourceTree = BUILT_PRODUCTS_DIR; };
		F9AB473AEE4F94932FAEED8F /* Pods-CyhRecordManager.release.xcconfig */ = {isa = PBXFileReference; includeInIndex = 1; lastKnownFileType = text.xcconfig; name = "Pods-CyhRecordManager.release.xcconfig"; path = "Target Support Files/Pods-CyhRecordManager/Pods-CyhRecordManager.release.xcconfig"; sourceTree = "<group>"; };
/* End PBXFileReference section */

/* Begin PBXFrameworksBuildPhase section */
		32BC4CCB231CB6C500D646D4 /* Frameworks */ = {
			isa = PBXFrameworksBuildPhase;
			buildActionMask = 2147483647;
			files = (
				789FD9948F33A8015C00F615 /* libPods-CyhRecordManager.a in Frameworks */,
			);
			runOnlyForDeploymentPostprocessing = 0;
		};
/* End PBXFrameworksBuildPhase section */

/* Begin PBXGroup section */
		0E2012EE7F663B8F7E8DE5DE /* Pods */ = {
			isa = PBXGroup;
			children = (
				3B74262DC8C2809A502E6D57 /* Pods-CyhRecordManager.debug.xcconfig */,
				F9AB473AEE4F94932FAEED8F /* Pods-CyhRecordManager.release.xcconfig */,
			);
			name = Pods;
			path = Pods;
			sourceTree = "<group>";
		};
		32BC4CC5231CB6C500D646D4 = {
			isa = PBXGroup;
			children = (
				32BC4CD0231CB6C600D646D4 /* CyhRecordManager */,
				32BC4CCF231CB6C600D646D4 /* Products */,
				0E2012EE7F663B8F7E8DE5DE /* Pods */,
				C09D5C393D9B9118D00BB342 /* Frameworks */,
			);
			sourceTree = "<group>";
		};
		32BC4CCF231CB6C600D646D4 /* Products */ = {
			isa = PBXGroup;
			children = (
				32BC4CCE231CB6C600D646D4 /* CyhRecordManager.app */,
			);
			name = Products;
			sourceTree = "<group>";
		};
		32BC4CD0231CB6C600D646D4 /* CyhRecordManager */ = {
			isa = PBXGroup;
			children = (
				32BC4CD1231CB6C600D646D4 /* AppDelegate.h */,
				32BC4CD2231CB6C600D646D4 /* AppDelegate.m */,
				32BC4CD4231CB6C600D646D4 /* ViewController.h */,
				32BC4CD5231CB6C600D646D4 /* ViewController.m */,
				32BC4CD7231CB6C600D646D4 /* Main.storyboard */,
				32BC4CDA231CB6C600D646D4 /* Assets.xcassets */,
				32BC4CDC231CB6C600D646D4 /* LaunchScreen.storyboard */,
				32BC4CDF231CB6C600D646D4 /* Info.plist */,
				32BC4CE0231CB6C600D646D4 /* main.m */,
			);
			path = CyhRecordManager;
			sourceTree = "<group>";
		};
		C09D5C393D9B9118D00BB342 /* Frameworks */ = {
			isa = PBXGroup;
			children = (
				C90E986A3D6ADF1E9F80EB88 /* libPods-CyhRecordManager.a */,
			);
			name = Frameworks;
			sourceTree = "<group>";
		};
/* End PBXGroup section */

/* Begin PBXNativeTarget section */
		32BC4CCD231CB6C500D646D4 /* CyhRecordManager */ = {
			isa = PBXNativeTarget;
			buildConfigurationList = 32BC4CE4231CB6C600D646D4 /* Build configuration list for PBXNativeTarget "CyhRecordManager" */;
			buildPhases = (
				95A04D74F9FFB5997B4EFB10 /* [CP] Check Pods Manifest.lock */,
				32BC4CCA231CB6C500D646D4 /* Sources */,
				32BC4CCB231CB6C500D646D4 /* Frameworks */,
				32BC4CCC231CB6C500D646D4 /* Resources */,
			);
			buildRules = (
			);
			dependencies = (
			);
			name = CyhRecordManager;
			productName = CyhRecordManager;
			productReference = 32BC4CCE231CB6C600D646D4 /* CyhRecordManager.app */;
			productType = "com.apple.product-type.application";
		};
/* End PBXNativeTarget section */

/* Begin PBXProject section */
		32BC4CC6231CB6C500D646D4 /* Project object */ = {
			isa = PBXProject;
			attributes = {
				LastUpgradeCheck = 1020;
				ORGANIZATIONNAME = cyhai;
				TargetAttributes = {
					32BC4CCD231CB6C500D646D4 = {
						CreatedOnToolsVersion = 10.2.1;
					};
				};
			};
			buildConfigurationList = 32BC4CC9231CB6C500D646D4 /* Build configuration list for PBXProject "CyhRecordManager" */;
			compatibilityVersion = "Xcode 9.3";
			developmentRegion = en;
			hasScannedForEncodings = 0;
			knownRegions = (
				en,
				Base,
			);
			mainGroup = 32BC4CC5231CB6C500D646D4;
			productRefGroup = 32BC4CCF231CB6C600D646D4 /* Products */;
			projectDirPath = "";
			projectRoot = "";
			targets = (
				32BC4CCD231CB6C500D646D4 /* CyhRecordManager */,
			);
		};
/* End PBXProject section */

/* Begin PBXResourcesBuildPhase section */
		32BC4CCC231CB6C500D646D4 /* Resources */ = {
			isa = PBXResourcesBuildPhase;
			buildActionMask = 2147483647;
			files = (
				32BC4CDE231CB6C600D646D4 /* LaunchScreen.storyboard in Resources */,
				32BC4CDB231CB6C600D646D4 /* Assets.xcassets in Resources */,
				32BC4CD9231CB6C600D646D4 /* Main.storyboard in Resources */,
			);
			runOnlyForDeploymentPostprocessing = 0;
		};
/* End PBXResourcesBuildPhase section */

/* Begin PBXShellScriptBuildPhase section */
		95A04D74F9FFB5997B4EFB10 /* [CP] Check Pods Manifest.lock */ = {
			isa = PBXShellScriptBuildPhase;
			buildActionMask = 2147483647;
			files = (
			);
			inputFileListPaths = (
			);
			inputPaths = (
				"${PODS_PODFILE_DIR_PATH}/Podfile.lock",
				"${PODS_ROOT}/Manifest.lock",
			);
			name = "[CP] Check Pods Manifest.lock";
			outputFileListPaths = (
			);
			outputPaths = (
				"$(DERIVED_FILE_DIR)/Pods-CyhRecordManager-checkManifestLockResult.txt",
			);
			runOnlyForDeploymentPostprocessing = 0;
			shellPath = /bin/sh;
			shellScript = "diff \"${PODS_PODFILE_DIR_PATH}/Podfile.lock\" \"${PODS_ROOT}/Manifest.lock\" > /dev/null\nif [ $? != 0 ] ; then\n    # print error to STDERR\n    echo \"error: The sandbox is not in sync with the Podfile.lock. Run 'pod install' or update your CocoaPods installation.\" >&2\n    exit 1\nfi\n# This output is used by Xcode 'outputs' to avoid re-running this script phase.\necho \"SUCCESS\" > \"${SCRIPT_OUTPUT_FILE_0}\"\n";
			showEnvVarsInLog = 0;
		};
/* End PBXShellScriptBuildPhase section */

/* Begin PBXSourcesBuildPhase section */
		32BC4CCA231CB6C500D646D4 /* Sources */ = {
			isa = PBXSourcesBuildPhase;
			buildActionMask = 2147483647;
			files = (
				32BC4CD6231CB6C600D646D4 /* ViewController.m in Sources */,
				32BC4CE1231CB6C600D646D4 /* main.m in Sources */,
				32BC4CD3231CB6C600D646D4 /* AppDelegate.m in Sources */,
			);
			runOnlyForDeploymentPostprocessing = 0;
		};
/* End PBXSourcesBuildPhase section */

/* Begin PBXVariantGroup section */
		32BC4CD7231CB6C600D646D4 /* Main.storyboard */ = {
			isa = PBXVariantGroup;
			children = (
				32BC4CD8231CB6C600D646D4 /* Base */,
			);
			name = Main.storyboard;
			sourceTree = "<group>";
		};
		32BC4CDC231CB6C600D646D4 /* LaunchScreen.storyboard */ = {
			isa = PBXVariantGroup;
			children = (
				32BC4CDD231CB6C600D646D4 /* Base */,
			);
			name = LaunchScreen.storyboard;
			sourceTree = "<group>";
		};
/* End PBXVariantGroup section */

/* Begin XCBuildConfiguration section */
		32BC4CE2231CB6C600D646D4 /* Debug */ = {
			isa = XCBuildConfiguration;
			buildSettings = {
				ALWAYS_SEARCH_USER_PATHS = NO;
				CLANG_ANALYZER_NONNULL = YES;
				CLANG_ANALYZER_NUMBER_OBJECT_CONVERSION = YES_AGGRESSIVE;
				CLANG_CXX_LANGUAGE_STANDARD = "gnu++14";
				CLANG_CXX_LIBRARY = "libc++";
				CLANG_ENABLE_MODULES = YES;
				CLANG_ENABLE_OBJC_ARC = YES;
				CLANG_ENABLE_OBJC_WEAK = YES;
				CLANG_WARN_BLOCK_CAPTURE_AUTORELEASING = YES;
				CLANG_WARN_BOOL_CONVERSION = YES;
				CLANG_WARN_COMMA = YES;
				CLANG_WARN_CONSTANT_CONVERSION = YES;
				CLANG_WARN_DEPRECATED_OBJC_IMPLEMENTATIONS = YES;
				CLANG_WARN_DIRECT_OBJC_ISA_USAGE = YES_ERROR;
				CLANG_WARN_DOCUMENTATION_COMMENTS = YES;
				CLANG_WARN_EMPTY_BODY = YES;
				CLANG_WARN_ENUM_CONVERSION = YES;
				CLANG_WARN_INFINITE_RECURSION = YES;
				CLANG_WARN_INT_CONVERSION = YES;
				CLANG_WARN_NON_LITERAL_NULL_CONVERSION = YES;
				CLANG_WARN_OBJC_IMPLICIT_RETAIN_SELF = YES;
				CLANG_WARN_OBJC_LITERAL_CONVERSION = YES;
				CLANG_WARN_OBJC_ROOT_CLASS = YES_ERROR;
				CLANG_WARN_RANGE_LOOP_ANALYSIS = YES;
				CLANG_WARN_STRICT_PROTOTYPES = YES;
				CLANG_WARN_SUSPICIOUS_MOVE = YES;
				CLANG_WARN_UNGUARDED_AVAILABILITY = YES_AGGRESSIVE;
				CLANG_WARN_UNREACHABLE_CODE = YES;
				CLANG_WARN__DUPLICATE_METHOD_MATCH = YES;
				CODE_SIGN_IDENTITY = "iPhone Developer";
				COPY_PHASE_STRIP = NO;
				DEBUG_INFORMATION_FORMAT = dwarf;
				ENABLE_STRICT_OBJC_MSGSEND = YES;
				ENABLE_TESTABILITY = YES;
				GCC_C_LANGUAGE_STANDARD = gnu11;
				GCC_DYNAMIC_NO_PIC = NO;
				GCC_NO_COMMON_BLOCKS = YES;
				GCC_OPTIMIZATION_LEVEL = 0;
				GCC_PREPROCESSOR_DEFINITIONS = (
					"DEBUG=1",
					"$(inherited)",
				);
				GCC_WARN_64_TO_32_BIT_CONVERSION = YES;
				GCC_WARN_ABOUT_RETURN_TYPE = YES_ERROR;
				GCC_WARN_UNDECLARED_SELECTOR = YES;
				GCC_WARN_UNINITIALIZED_AUTOS = YES_AGGRESSIVE;
				GCC_WARN_UNUSED_FUNCTION = YES;
				GCC_WARN_UNUSED_VARIABLE = YES;
				IPHONEOS_DEPLOYMENT_TARGET = 12.2;
				MTL_ENABLE_DEBUG_INFO = INCLUDE_SOURCE;
				MTL_FAST_MATH = YES;
				ONLY_ACTIVE_ARCH = YES;
				SDKROOT = iphoneos;
			};
			name = Debug;
		};
		32BC4CE3231CB6C600D646D4 /* Release */ = {
			isa = XCBuildConfiguration;
			buildSettings = {
				ALWAYS_SEARCH_USER_PATHS = NO;
				CLANG_ANALYZER_NONNULL = YES;
				CLANG_ANALYZER_NUMBER_OBJECT_CONVERSION = YES_AGGRESSIVE;
				CLANG_CXX_LANGUAGE_STANDARD = "gnu++14";
				CLANG_CXX_LIBRARY = "libc++";
				CLANG_ENABLE_MODULES = YES;
				CLANG_ENABLE_OBJC_ARC = YES;
				CLANG_ENABLE_OBJC_WEAK = YES;
				CLANG_WARN_BLOCK_CAPTURE_AUTORELEASING = YES;
				CLANG_WARN_BOOL_CONVERSION = YES;
				CLANG_WARN_COMMA = YES;
				CLANG_WARN_CONSTANT_CONVERSION = YES;
				CLANG_WARN_DEPRECATED_OBJC_IMPLEMENTATIONS = YES;
				CLANG_WARN_DIRECT_OBJC_ISA_USAGE = YES_ERROR;
				CLANG_WARN_DOCUMENTATION_COMMENTS = YES;
				CLANG_WARN_EMPTY_BODY = YES;
				CLANG_WARN_ENUM_CONVERSION = YES;
				CLANG_WARN_INFINITE_RECURSION = YES;
				CLANG_WARN_INT_CONVERSION = YES;
				CLANG_WARN_NON_LITERAL_NULL_CONVERSION = YES;
				CLANG_WARN_OBJC_IMPLICIT_RETAIN_SELF = YES;
				CLANG_WARN_OBJC_LITERAL_CONVERSION = YES;
				CLANG_WARN_OBJC_ROOT_CLASS = YES_ERROR;
				CLANG_WARN_RANGE_LOOP_ANALYSIS = YES;
				CLANG_WARN_STRICT_PROTOTYPES = YES;
				CLANG_WARN_SUSPICIOUS_MOVE = YES;
				CLANG_WARN_UNGUARDED_AVAILABILITY = YES_AGGRESSIVE;
				CLANG_WARN_UNREACHABLE_CODE = YES;
				CLANG_WARN__DUPLICATE_METHOD_MATCH = YES;
				CODE_SIGN_IDENTITY = "iPhone Developer";
				COPY_PHASE_STRIP = NO;
				DEBUG_INFORMATION_FORMAT = "dwarf-with-dsym";
				ENABLE_NS_ASSERTIONS = NO;
				ENABLE_STRICT_OBJC_MSGSEND = YES;
				GCC_C_LANGUAGE_STANDARD = gnu11;
				GCC_NO_COMMON_BLOCKS = YES;
				GCC_WARN_64_TO_32_BIT_CONVERSION = YES;
				GCC_WARN_ABOUT_RETURN_TYPE = YES_ERROR;
				GCC_WARN_UNDECLARED_SELECTOR = YES;
				GCC_WARN_UNINITIALIZED_AUTOS = YES_AGGRESSIVE;
				GCC_WARN_UNUSED_FUNCTION = YES;
				GCC_WARN_UNUSED_VARIABLE = YES;
				IPHONEOS_DEPLOYMENT_TARGET = 12.2;
				MTL_ENABLE_DEBUG_INFO = NO;
				MTL_FAST_MATH = YES;
				SDKROOT = iphoneos;
				VALIDATE_PRODUCT = YES;
			};
			name = Release;
		};
		32BC4CE5231CB6C600D646D4 /* Debug */ = {
			isa = XCBuildConfiguration;
			baseConfigurationReference = 3B74262DC8C2809A502E6D57 /* Pods-CyhRecordManager.debug.xcconfig */;
			buildSettings = {
				ASSETCATALOG_COMPILER_APPICON_NAME = AppIcon;
				CODE_SIGN_STYLE = Automatic;
				DEVELOPMENT_TEAM = V9VJ5EQA22;
				ENABLE_BITCODE = NO;
				INFOPLIST_FILE = CyhRecordManager/Info.plist;
				IPHONEOS_DEPLOYMENT_TARGET = 9.0;
				LD_RUNPATH_SEARCH_PATHS = (
					"$(inherited)",
					"@executable_path/Frameworks",
				);
				LIBRARY_SEARCH_PATHS = (
					"$(inherited)",
					"$(PROJECT_DIR)/CyhRecordManager/CyhRecord",
				);
				PRODUCT_BUNDLE_IDENTIFIER = Cyhai.CyhRecordManager;
				PRODUCT_NAME = "$(TARGET_NAME)";
				TARGETED_DEVICE_FAMILY = "1,2";
			};
			name = Debug;
		};
		32BC4CE6231CB6C600D646D4 /* Release */ = {
			isa = XCBuildConfiguration;
			baseConfigurationReference = F9AB473AEE4F94932FAEED8F /* Pods-CyhRecordManager.release.xcconfig */;
			buildSettings = {
				ASSETCATALOG_COMPILER_APPICON_NAME = AppIcon;
				CODE_SIGN_STYLE = Automatic;
				DEVELOPMENT_TEAM = V9VJ5EQA22;
				ENABLE_BITCODE = NO;
				INFOPLIST_FILE = CyhRecordManager/Info.plist;
				IPHONEOS_DEPLOYMENT_TARGET = 9.0;
				LD_RUNPATH_SEARCH_PATHS = (
					"$(inherited)",
					"@executable_path/Frameworks",
				);
				LIBRARY_SEARCH_PATHS = (
					"$(inherited)",
					"$(PROJECT_DIR)/CyhRecordManager/CyhRecord",
				);
				PRODUCT_BUNDLE_IDENTIFIER = Cyhai.CyhRecordManager;
				PRODUCT_NAME = "$(TARGET_NAME)";
				TARGETED_DEVICE_FAMILY = "1,2";
			};
			name = Release;
		};
/* End XCBuildConfiguration section */

/* Begin XCConfigurationList section */
		32BC4CC9231CB6C500D646D4 /* Build configuration list for PBXProject "CyhRecordManager" */ = {
			isa = XCConfigurationList;
			buildConfigurations = (
				32BC4CE2231CB6C600D646D4 /* Debug */,
				32BC4CE3231CB6C600D646D4 /* Release */,
			);
			defaultConfigurationIsVisible = 0;
			defaultConfigurationName = Release;
		};
		32BC4CE4231CB6C600D646D4 /* Build configuration list for PBXNativeTarget "CyhRecordManager" */ = {
			isa = XCConfigurationList;
			buildConfigurations = (
				32BC4CE5231CB6C600D646D4 /* Debug */,
				32BC4CE6231CB6C600D646D4 /* Release */,
			);
			defaultConfigurationIsVisible = 0;
			defaultConfigurationName = Release;
		};
/* End XCConfigurationList section */
	};
	rootObject = 32BC4CC6231CB6C500D646D4 /* Project object */;
}
